
Microsoft Visual Studio Solution File, Format Version 12.00
# Visual Studio Version 17
VisualStudioVersion = 17.0.31903.59
Project("{2150E333-8FDC-42A3-9474-1A3956D46DE8}") = "src", "src", "{827E0CD3-B72D-47B6-A68D-7590B98EB39B}"
EndProject
Project("{2150E333-8FDC-42A3-9474-1A3956D46DE8}") = "Solution Items", "Solution Items", "{5A660B01-4444-463C-9E7D-E1A4D4A934E2}"
	ProjectSection(SolutionItems) = preProject
		Directory.Build.props = Directory.Build.props
		LICENSE = LICENSE
		README.md = README.md
		SoupBig.png = SoupBig.png
		SoupSm.png = SoupSm.png
	EndProjectSection
EndProject
Project("{2150E333-8FDC-42A3-9474-1A3956D46DE8}") = "EfCoreBoost", "EfCoreBoost", "{972B339B-045E-9564-1EA0-3E903DF3E49A}"
EndProject
Project("{FAE04EC0-301F-11D3-BF4B-00C04F79EFBC}") = "BoostAnalyzer", "src\BoostAnalyzer\BoostAnalyzer.csproj", "{F5529392-65AD-4D7E-97DE-12BEA510182B}"
EndProject
Project("{2150E333-8FDC-42A3-9474-1A3956D46DE8}") = "BoostCodeFixes", "BoostCodeFixes", "{ED87E4EA-324C-C0F1-7F45-A31B2E183F40}"
EndProject
Project("{2150E333-8FDC-42A3-9474-1A3956D46DE8}") = "tests", "tests", "{0AB3BF05-4346-4AA6-1389-037BE0695223}"
EndProject
Project("{FAE04EC0-301F-11D3-BF4B-00C04F79EFBC}") = "BoostTest", "tests\BoostTest\BoostTest.csproj", "{7DA9E1CB-AD87-4BBB-A328-E3C68593F201}"
EndProject
Project("{FAE04EC0-301F-11D3-BF4B-00C04F79EFBC}") = "EfCore.Boost.Design", "src\EfCore.Boost.Design\EfCore.Boost.Design.csproj", "{C07B27E8-930F-4E1C-87A0-A89464173A2A}"
EndProject
Project("{FAE04EC0-301F-11D3-BF4B-00C04F79EFBC}") = "TestDb", "tests\TestDb\TestDb.csproj", "{B08EF37C-8E73-4BAA-9AAB-BA1929250AFB}"
EndProject
Project("{FAE04EC0-301F-11D3-BF4B-00C04F79EFBC}") = "TestDb.Migrate", "tests\TestDb.Migrate\TestDb.Migrate.csproj", "{77ED70B6-617E-489D-9472-54CE521D36AC}"
EndProject
Project("{FAE04EC0-301F-11D3-BF4B-00C04F79EFBC}") = "EfCore.Boost", "src\EfCoreBoost\EfCore.Boost.csproj", "{689A3D56-4175-43D6-8CE5-18B8B71BC049}"
EndProject
Project("{FAE04EC0-301F-11D3-BF4B-00C04F79EFBC}") = "BoostAnalyzer.CodeFixes", "src\BoostCodeFixes\BoostAnalyzer.CodeFixes.csproj", "{FD1CF7C5-F0CB-472C-9BD0-D8C7BF4AD2A0}"
EndProject
Project("{2150E333-8FDC-42A3-9474-1A3956D46DE8}") = "TemplateWork", "TemplateWork", "{D38C00DC-1DDE-4671-8157-EF0B273BD2C3}"
	ProjectSection(SolutionItems) = preProject
		TemplateWork\readme.md = TemplateWork\readme.md
		templates\Boost.Simple.Maintainer.md = templates\Boost.Simple.Maintainer.md
	EndProjectSection
EndProject
Project("{2150E333-8FDC-42A3-9474-1A3956D46DE8}") = "templates", "templates", "{3B5032E0-67C7-4EC4-847C-06912AD94914}"
	ProjectSection(SolutionItems) = preProject
		templates\Boost.Simple.Maintainer.md = templates\Boost.Simple.Maintainer.md
	EndProjectSection
EndProject
Project("{FAE04EC0-301F-11D3-BF4B-00C04F79EFBC}") = "BoostX.Model", "TemplateWork\Boost.Simple\BoostX.Model\BoostX.Model.csproj", "{9CBD127E-8334-4EB5-9BF2-74DCE7240ADE}"
EndProject
Project("{FAE04EC0-301F-11D3-BF4B-00C04F79EFBC}") = "BoostX.Migrate", "TemplateWork\Boost.Simple\BoostX.Migrate\BoostX.Migrate.csproj", "{41110604-77DA-4364-8128-91016F16CF5B}"
EndProject
Project("{2150E333-8FDC-42A3-9474-1A3956D46DE8}") = "Boost.Simple", "Boost.Simple", "{A49C4AC6-DC16-4DF7-A4F8-88F4F791B4AE}"
EndProject
Project("{2150E333-8FDC-42A3-9474-1A3956D46DE8}") = "Boost.Simple", "Boost.Simple", "{9648E154-3913-4766-A0E3-564F9AB658B4}"
EndProject
Project("{FAE04EC0-301F-11D3-BF4B-00C04F79EFBC}") = "Boost.Simple.Template", "templates\Boost.Simple\Boost.Simple.Template.csproj", "{D70FA745-1BAE-4FAB-8062-A09203A67C90}"
EndProject
Project("{FAE04EC0-301F-11D3-BF4B-00C04F79EFBC}") = "BoostX.Test", "TemplateWork\Boost.Simple\BoostX.Test\BoostX.Test.csproj", "{7E371BEE-47CF-44F0-B80F-D803F0D3F309}"
EndProject
Project("{2150E333-8FDC-42A3-9474-1A3956D46DE8}") = "Boost.Simple.Solution", "Boost.Simple.Solution", "{241F6359-9CBC-4230-A8AC-621EE2188156}"
	ProjectSection(SolutionItems) = preProject
		templates\Boost.Simple.Solution\PackageREADME.md = templates\Boost.Simple.Solution\PackageREADME.md
	EndProjectSection
EndProject
Project("{FAE04EC0-301F-11D3-BF4B-00C04F79EFBC}") = "EfCore.Boost.Template.Simple.Solution", "templates\Boost.Simple.Solution\EfCore.Boost.Template.Simple.Solution.csproj", "{4C0DE1EE-6F00-4BFA-A7A2-BB672D0F291A}"
EndProject
Project("{2150E333-8FDC-42A3-9474-1A3956D46DE8}") = "docs", "docs", "{A18E53C9-514A-4C0D-AECE-A8C2F786D024}"
	ProjectSection(SolutionItems) = preProject
		docs\uow-factory-pattern.md = docs\uow-factory-pattern.md
		docs\readme.md = docs\readme.md
		docs\BulkInserts.md = docs\BulkInserts.md
		docs\Configs.md = docs\Configs.md
		docs\DbRepo.md = docs\DbRepo.md
		docs\DbUow.md = docs\DbUow.md
		docs\DbUowRoutines.md = docs\DbUowRoutines.md
		docs\EfMigrationsCMD.md = docs\EfMigrationsCMD.md
		docs\GettingStarted.md = docs\GettingStarted.md
		docs\ModelBuilding.md = docs\ModelBuilding.md
		docs\OData.md = docs\OData.md
		docs\manual.md = docs\manual.md
	EndProjectSection
EndProject
Project("{2150E333-8FDC-42A3-9474-1A3956D46DE8}") = "tests", "tests", "{830F8B07-EB6E-4661-83B4-1F5E5676D5E8}"
	ProjectSection(SolutionItems) = preProject
		docs\tests\Readme.md = docs\tests\Readme.md
		docs\tests\SmokeTest.md = docs\tests\SmokeTest.md
		docs\tests\TestAzure.md = docs\tests\TestAzure.md
		docs\tests\TestContainers.md = docs\tests\TestContainers.md
		docs\tests\TheTestDb.md = docs\tests\TheTestDb.md
	EndProjectSection
EndProject
Project("{2150E333-8FDC-42A3-9474-1A3956D46DE8}") = "templates", "templates", "{0C1D36E7-DDA0-4FC2-BD6D-E4B391148071}"
	ProjectSection(SolutionItems) = preProject
		docs\templates\UseTheTemplate.md = docs\templates\UseTheTemplate.md
	EndProjectSection
EndProject
Project("{FAE04EC0-301F-11D3-BF4B-00C04F79EFBC}") = "BoostX.Api", "TemplateWork\Boost.Simple\BoostX.Api\BoostX.Api.csproj", "{0B403138-AD0B-4466-9F91-EE7B56671033}"
EndProject
Global
	GlobalSection(SolutionConfigurationPlatforms) = preSolution
		Debug|Any CPU = Debug|Any CPU
		Debug|x64 = Debug|x64
		Debug|x86 = Debug|x86
		Release|Any CPU = Release|Any CPU
		Release|x64 = Release|x64
		Release|x86 = Release|x86
	EndGlobalSection
	GlobalSection(ProjectConfigurationPlatforms) = postSolution
		{F5529392-65AD-4D7E-97DE-12BEA510182B}.Debug|Any CPU.ActiveCfg = Debug|Any CPU
		{F5529392-65AD-4D7E-97DE-12BEA510182B}.Debug|Any CPU.Build.0 = Debug|Any CPU
		{F5529392-65AD-4D7E-97DE-12BEA510182B}.Debug|x64.ActiveCfg = Debug|Any CPU
		{F5529392-65AD-4D7E-97DE-12BEA510182B}.Debug|x64.Build.0 = Debug|Any CPU
		{F5529392-65AD-4D7E-97DE-12BEA510182B}.Debug|x86.ActiveCfg = Debug|Any CPU
		{F5529392-65AD-4D7E-97DE-12BEA510182B}.Debug|x86.Build.0 = Debug|Any CPU
		{F5529392-65AD-4D7E-97DE-12BEA510182B}.Release|Any CPU.ActiveCfg = Release|Any CPU
		{F5529392-65AD-4D7E-97DE-12BEA510182B}.Release|Any CPU.Build.0 = Release|Any CPU
		{F5529392-65AD-4D7E-97DE-12BEA510182B}.Release|x64.ActiveCfg = Release|Any CPU
		{F5529392-65AD-4D7E-97DE-12BEA510182B}.Release|x64.Build.0 = Release|Any CPU
		{F5529392-65AD-4D7E-97DE-12BEA510182B}.Release|x86.ActiveCfg = Release|Any CPU
		{F5529392-65AD-4D7E-97DE-12BEA510182B}.Release|x86.Build.0 = Release|Any CPU
		{7DA9E1CB-AD87-4BBB-A328-E3C68593F201}.Debug|Any CPU.ActiveCfg = Debug|Any CPU
		{7DA9E1CB-AD87-4BBB-A328-E3C68593F201}.Debug|Any CPU.Build.0 = Debug|Any CPU
		{7DA9E1CB-AD87-4BBB-A328-E3C68593F201}.Debug|x64.ActiveCfg = Debug|Any CPU
		{7DA9E1CB-AD87-4BBB-A328-E3C68593F201}.Debug|x64.Build.0 = Debug|Any CPU
		{7DA9E1CB-AD87-4BBB-A328-E3C68593F201}.Debug|x86.ActiveCfg = Debug|Any CPU
		{7DA9E1CB-AD87-4BBB-A328-E3C68593F201}.Debug|x86.Build.0 = Debug|Any CPU
		{7DA9E1CB-AD87-4BBB-A328-E3C68593F201}.Release|Any CPU.ActiveCfg = Release|Any CPU
		{7DA9E1CB-AD87-4BBB-A328-E3C68593F201}.Release|Any CPU.Build.0 = Release|Any CPU
		{7DA9E1CB-AD87-4BBB-A328-E3C68593F201}.Release|x64.ActiveCfg = Release|Any CPU
		{7DA9E1CB-AD87-4BBB-A328-E3C68593F201}.Release|x64.Build.0 = Release|Any CPU
		{7DA9E1CB-AD87-4BBB-A328-E3C68593F201}.Release|x86.ActiveCfg = Release|Any CPU
		{7DA9E1CB-AD87-4BBB-A328-E3C68593F201}.Release|x86.Build.0 = Release|Any CPU
		{C07B27E8-930F-4E1C-87A0-A89464173A2A}.Debug|Any CPU.ActiveCfg = Debug|Any CPU
		{C07B27E8-930F-4E1C-87A0-A89464173A2A}.Debug|Any CPU.Build.0 = Debug|Any CPU
		{C07B27E8-930F-4E1C-87A0-A89464173A2A}.Debug|x64.ActiveCfg = Debug|Any CPU
		{C07B27E8-930F-4E1C-87A0-A89464173A2A}.Debug|x64.Build.0 = Debug|Any CPU
		{C07B27E8-930F-4E1C-87A0-A89464173A2A}.Debug|x86.ActiveCfg = Debug|Any CPU
		{C07B27E8-930F-4E1C-87A0-A89464173A2A}.Debug|x86.Build.0 = Debug|Any CPU
		{C07B27E8-930F-4E1C-87A0-A89464173A2A}.Release|Any CPU.ActiveCfg = Release|Any CPU
		{C07B27E8-930F-4E1C-87A0-A89464173A2A}.Release|Any CPU.Build.0 = Release|Any CPU
		{C07B27E8-930F-4E1C-87A0-A89464173A2A}.Release|x64.ActiveCfg = Release|Any CPU
		{C07B27E8-930F-4E1C-87A0-A89464173A2A}.Release|x64.Build.0 = Release|Any CPU
		{C07B27E8-930F-4E1C-87A0-A89464173A2A}.Release|x86.ActiveCfg = Release|Any CPU
		{C07B27E8-930F-4E1C-87A0-A89464173A2A}.Release|x86.Build.0 = Release|Any CPU
		{B08EF37C-8E73-4BAA-9AAB-BA1929250AFB}.Debug|Any CPU.ActiveCfg = Debug|Any CPU
		{B08EF37C-8E73-4BAA-9AAB-BA1929250AFB}.Debug|Any CPU.Build.0 = Debug|Any CPU
		{B08EF37C-8E73-4BAA-9AAB-BA1929250AFB}.Debug|x64.ActiveCfg = Debug|Any CPU
		{B08EF37C-8E73-4BAA-9AAB-BA1929250AFB}.Debug|x64.Build.0 = Debug|Any CPU
		{B08EF37C-8E73-4BAA-9AAB-BA1929250AFB}.Debug|x86.ActiveCfg = Debug|Any CPU
		{B08EF37C-8E73-4BAA-9AAB-BA1929250AFB}.Debug|x86.Build.0 = Debug|Any CPU
		{B08EF37C-8E73-4BAA-9AAB-BA1929250AFB}.Release|Any CPU.ActiveCfg = Release|Any CPU
		{B08EF37C-8E73-4BAA-9AAB-BA1929250AFB}.Release|Any CPU.Build.0 = Release|Any CPU
		{B08EF37C-8E73-4BAA-9AAB-BA1929250AFB}.Release|x64.ActiveCfg = Release|Any CPU
		{B08EF37C-8E73-4BAA-9AAB-BA1929250AFB}.Release|x64.Build.0 = Release|Any CPU
		{B08EF37C-8E73-4BAA-9AAB-BA1929250AFB}.Release|x86.ActiveCfg = Release|Any CPU
		{B08EF37C-8E73-4BAA-9AAB-BA1929250AFB}.Release|x86.Build.0 = Release|Any CPU
		{77ED70B6-617E-489D-9472-54CE521D36AC}.Debug|Any CPU.ActiveCfg = Debug|Any CPU
		{77ED70B6-617E-489D-9472-54CE521D36AC}.Debug|Any CPU.Build.0 = Debug|Any CPU
		{77ED70B6-617E-489D-9472-54CE521D36AC}.Debug|x64.ActiveCfg = Debug|Any CPU
		{77ED70B6-617E-489D-9472-54CE521D36AC}.Debug|x64.Build.0 = Debug|Any CPU
		{77ED70B6-617E-489D-9472-54CE521D36AC}.Debug|x86.ActiveCfg = Debug|Any CPU
		{77ED70B6-617E-489D-9472-54CE521D36AC}.Debug|x86.Build.0 = Debug|Any CPU
		{77ED70B6-617E-489D-9472-54CE521D36AC}.Release|Any CPU.ActiveCfg = Release|Any CPU
		{77ED70B6-617E-489D-9472-54CE521D36AC}.Release|Any CPU.Build.0 = Release|Any CPU
		{77ED70B6-617E-489D-9472-54CE521D36AC}.Release|x64.ActiveCfg = Release|Any CPU
		{77ED70B6-617E-489D-9472-54CE521D36AC}.Release|x64.Build.0 = Release|Any CPU
		{77ED70B6-617E-489D-9472-54CE521D36AC}.Release|x86.ActiveCfg = Release|Any CPU
		{77ED70B6-617E-489D-9472-54CE521D36AC}.Release|x86.Build.0 = Release|Any CPU
		{689A3D56-4175-43D6-8CE5-18B8B71BC049}.Debug|Any CPU.ActiveCfg = Debug|Any CPU
		{689A3D56-4175-43D6-8CE5-18B8B71BC049}.Debug|Any CPU.Build.0 = Debug|Any CPU
		{689A3D56-4175-43D6-8CE5-18B8B71BC049}.Debug|x64.ActiveCfg = Debug|Any CPU
		{689A3D56-4175-43D6-8CE5-18B8B71BC049}.Debug|x64.Build.0 = Debug|Any CPU
		{689A3D56-4175-43D6-8CE5-18B8B71BC049}.Debug|x86.ActiveCfg = Debug|Any CPU
		{689A3D56-4175-43D6-8CE5-18B8B71BC049}.Debug|x86.Build.0 = Debug|Any CPU
		{689A3D56-4175-43D6-8CE5-18B8B71BC049}.Release|Any CPU.ActiveCfg = Release|Any CPU
		{689A3D56-4175-43D6-8CE5-18B8B71BC049}.Release|Any CPU.Build.0 = Release|Any CPU
		{689A3D56-4175-43D6-8CE5-18B8B71BC049}.Release|x64.ActiveCfg = Release|Any CPU
		{689A3D56-4175-43D6-8CE5-18B8B71BC049}.Release|x64.Build.0 = Release|Any CPU
		{689A3D56-4175-43D6-8CE5-18B8B71BC049}.Release|x86.ActiveCfg = Release|Any CPU
		{689A3D56-4175-43D6-8CE5-18B8B71BC049}.Release|x86.Build.0 = Release|Any CPU
		{FD1CF7C5-F0CB-472C-9BD0-D8C7BF4AD2A0}.Debug|Any CPU.ActiveCfg = Debug|Any CPU
		{FD1CF7C5-F0CB-472C-9BD0-D8C7BF4AD2A0}.Debug|Any CPU.Build.0 = Debug|Any CPU
		{FD1CF7C5-F0CB-472C-9BD0-D8C7BF4AD2A0}.Debug|x64.ActiveCfg = Debug|Any CPU
		{FD1CF7C5-F0CB-472C-9BD0-D8C7BF4AD2A0}.Debug|x64.Build.0 = Debug|Any CPU
		{FD1CF7C5-F0CB-472C-9BD0-D8C7BF4AD2A0}.Debug|x86.ActiveCfg = Debug|Any CPU
		{FD1CF7C5-F0CB-472C-9BD0-D8C7BF4AD2A0}.Debug|x86.Build.0 = Debug|Any CPU
		{FD1CF7C5-F0CB-472C-9BD0-D8C7BF4AD2A0}.Release|Any CPU.ActiveCfg = Release|Any CPU
		{FD1CF7C5-F0CB-472C-9BD0-D8C7BF4AD2A0}.Release|Any CPU.Build.0 = Release|Any CPU
		{FD1CF7C5-F0CB-472C-9BD0-D8C7BF4AD2A0}.Release|x64.ActiveCfg = Release|Any CPU
		{FD1CF7C5-F0CB-472C-9BD0-D8C7BF4AD2A0}.Release|x64.Build.0 = Release|Any CPU
		{FD1CF7C5-F0CB-472C-9BD0-D8C7BF4AD2A0}.Release|x86.ActiveCfg = Release|Any CPU
		{FD1CF7C5-F0CB-472C-9BD0-D8C7BF4AD2A0}.Release|x86.Build.0 = Release|Any CPU
		{9CBD127E-8334-4EB5-9BF2-74DCE7240ADE}.Debug|Any CPU.ActiveCfg = Debug|Any CPU
		{9CBD127E-8334-4EB5-9BF2-74DCE7240ADE}.Debug|Any CPU.Build.0 = Debug|Any CPU
		{9CBD127E-8334-4EB5-9BF2-74DCE7240ADE}.Debug|x64.ActiveCfg = Debug|Any CPU
		{9CBD127E-8334-4EB5-9BF2-74DCE7240ADE}.Debug|x64.Build.0 = Debug|Any CPU
		{9CBD127E-8334-4EB5-9BF2-74DCE7240ADE}.Debug|x86.ActiveCfg = Debug|Any CPU
		{9CBD127E-8334-4EB5-9BF2-74DCE7240ADE}.Debug|x86.Build.0 = Debug|Any CPU
		{9CBD127E-8334-4EB5-9BF2-74DCE7240ADE}.Release|Any CPU.ActiveCfg = Release|Any CPU
		{9CBD127E-8334-4EB5-9BF2-74DCE7240ADE}.Release|Any CPU.Build.0 = Release|Any CPU
		{9CBD127E-8334-4EB5-9BF2-74DCE7240ADE}.Release|x64.ActiveCfg = Release|Any CPU
		{9CBD127E-8334-4EB5-9BF2-74DCE7240ADE}.Release|x64.Build.0 = Release|Any CPU
		{9CBD127E-8334-4EB5-9BF2-74DCE7240ADE}.Release|x86.ActiveCfg = Release|Any CPU
		{9CBD127E-8334-4EB5-9BF2-74DCE7240ADE}.Release|x86.Build.0 = Release|Any CPU
		{41110604-77DA-4364-8128-91016F16CF5B}.Debug|Any CPU.ActiveCfg = Debug|Any CPU
		{41110604-77DA-4364-8128-91016F16CF5B}.Debug|Any CPU.Build.0 = Debug|Any CPU
		{41110604-77DA-4364-8128-91016F16CF5B}.Debug|x64.ActiveCfg = Debug|Any CPU
		{41110604-77DA-4364-8128-91016F16CF5B}.Debug|x64.Build.0 = Debug|Any CPU
		{41110604-77DA-4364-8128-91016F16CF5B}.Debug|x86.ActiveCfg = Debug|Any CPU
		{41110604-77DA-4364-8128-91016F16CF5B}.Debug|x86.Build.0 = Debug|Any CPU
		{41110604-77DA-4364-8128-91016F16CF5B}.Release|Any CPU.ActiveCfg = Release|Any CPU
		{41110604-77DA-4364-8128-91016F16CF5B}.Release|Any CPU.Build.0 = Release|Any CPU
		{41110604-77DA-4364-8128-91016F16CF5B}.Release|x64.ActiveCfg = Release|Any CPU
		{41110604-77DA-4364-8128-91016F16CF5B}.Release|x64.Build.0 = Release|Any CPU
		{41110604-77DA-4364-8128-91016F16CF5B}.Release|x86.ActiveCfg = Release|Any CPU
		{41110604-77DA-4364-8128-91016F16CF5B}.Release|x86.Build.0 = Release|Any CPU
		{D70FA745-1BAE-4FAB-8062-A09203A67C90}.Debug|Any CPU.ActiveCfg = Debug|Any CPU
		{D70FA745-1BAE-4FAB-8062-A09203A67C90}.Debug|Any CPU.Build.0 = Debug|Any CPU
		{D70FA745-1BAE-4FAB-8062-A09203A67C90}.Debug|x64.ActiveCfg = Debug|Any CPU
		{D70FA745-1BAE-4FAB-8062-A09203A67C90}.Debug|x64.Build.0 = Debug|Any CPU
		{D70FA745-1BAE-4FAB-8062-A09203A67C90}.Debug|x86.ActiveCfg = Debug|Any CPU
		{D70FA745-1BAE-4FAB-8062-A09203A67C90}.Debug|x86.Build.0 = Debug|Any CPU
		{D70FA745-1BAE-4FAB-8062-A09203A67C90}.Release|Any CPU.ActiveCfg = Release|Any CPU
		{D70FA745-1BAE-4FAB-8062-A09203A67C90}.Release|Any CPU.Build.0 = Release|Any CPU
		{D70FA745-1BAE-4FAB-8062-A09203A67C90}.Release|x64.ActiveCfg = Release|Any CPU
		{D70FA745-1BAE-4FAB-8062-A09203A67C90}.Release|x64.Build.0 = Release|Any CPU
		{D70FA745-1BAE-4FAB-8062-A09203A67C90}.Release|x86.ActiveCfg = Release|Any CPU
		{D70FA745-1BAE-4FAB-8062-A09203A67C90}.Release|x86.Build.0 = Release|Any CPU
		{7E371BEE-47CF-44F0-B80F-D803F0D3F309}.Debug|Any CPU.ActiveCfg = Debug|Any CPU
		{7E371BEE-47CF-44F0-B80F-D803F0D3F309}.Debug|Any CPU.Build.0 = Debug|Any CPU
		{7E371BEE-47CF-44F0-B80F-D803F0D3F309}.Debug|x64.ActiveCfg = Debug|Any CPU
		{7E371BEE-47CF-44F0-B80F-D803F0D3F309}.Debug|x64.Build.0 = Debug|Any CPU
		{7E371BEE-47CF-44F0-B80F-D803F0D3F309}.Debug|x86.ActiveCfg = Debug|Any CPU
		{7E371BEE-47CF-44F0-B80F-D803F0D3F309}.Debug|x86.Build.0 = Debug|Any CPU
		{7E371BEE-47CF-44F0-B80F-D803F0D3F309}.Release|Any CPU.ActiveCfg = Release|Any CPU
		{7E371BEE-47CF-44F0-B80F-D803F0D3F309}.Release|Any CPU.Build.0 = Release|Any CPU
		{7E371BEE-47CF-44F0-B80F-D803F0D3F309}.Release|x64.ActiveCfg = Release|Any CPU
		{7E371BEE-47CF-44F0-B80F-D803F0D3F309}.Release|x64.Build.0 = Release|Any CPU
		{7E371BEE-47CF-44F0-B80F-D803F0D3F309}.Release|x86.ActiveCfg = Release|Any CPU
		{7E371BEE-47CF-44F0-B80F-D803F0D3F309}.Release|x86.Build.0 = Release|Any CPU
		{4C0DE1EE-6F00-4BFA-A7A2-BB672D0F291A}.Debug|Any CPU.ActiveCfg = Debug|Any CPU
		{4C0DE1EE-6F00-4BFA-A7A2-BB672D0F291A}.Debug|Any CPU.Build.0 = Debug|Any CPU
		{4C0DE1EE-6F00-4BFA-A7A2-BB672D0F291A}.Debug|x64.ActiveCfg = Debug|Any CPU
		{4C0DE1EE-6F00-4BFA-A7A2-BB672D0F291A}.Debug|x64.Build.0 = Debug|Any CPU
		{4C0DE1EE-6F00-4BFA-A7A2-BB672D0F291A}.Debug|x86.ActiveCfg = Debug|Any CPU
		{4C0DE1EE-6F00-4BFA-A7A2-BB672D0F291A}.Debug|x86.Build.0 = Debug|Any CPU
		{4C0DE1EE-6F00-4BFA-A7A2-BB672D0F291A}.Release|Any CPU.ActiveCfg = Release|Any CPU
		{4C0DE1EE-6F00-4BFA-A7A2-BB672D0F291A}.Release|Any CPU.Build.0 = Release|Any CPU
		{4C0DE1EE-6F00-4BFA-A7A2-BB672D0F291A}.Release|x64.ActiveCfg = Release|Any CPU
		{4C0DE1EE-6F00-4BFA-A7A2-BB672D0F291A}.Release|x64.Build.0 = Release|Any CPU
		{4C0DE1EE-6F00-4BFA-A7A2-BB672D0F291A}.Release|x86.ActiveCfg = Release|Any CPU
		{4C0DE1EE-6F00-4BFA-A7A2-BB672D0F291A}.Release|x86.Build.0 = Release|Any CPU
		{0B403138-AD0B-4466-9F91-EE7B56671033}.Debug|Any CPU.ActiveCfg = Debug|Any CPU
		{0B403138-AD0B-4466-9F91-EE7B56671033}.Debug|Any CPU.Build.0 = Debug|Any CPU
		{0B403138-AD0B-4466-9F91-EE7B56671033}.Debug|x64.ActiveCfg = Debug|Any CPU
		{0B403138-AD0B-4466-9F91-EE7B56671033}.Debug|x64.Build.0 = Debug|Any CPU
		{0B403138-AD0B-4466-9F91-EE7B56671033}.Debug|x86.ActiveCfg = Debug|Any CPU
		{0B403138-AD0B-4466-9F91-EE7B56671033}.Debug|x86.Build.0 = Debug|Any CPU
		{0B403138-AD0B-4466-9F91-EE7B56671033}.Release|Any CPU.ActiveCfg = Release|Any CPU
		{0B403138-AD0B-4466-9F91-EE7B56671033}.Release|Any CPU.Build.0 = Release|Any CPU
		{0B403138-AD0B-4466-9F91-EE7B56671033}.Release|x64.ActiveCfg = Release|Any CPU
		{0B403138-AD0B-4466-9F91-EE7B56671033}.Release|x64.Build.0 = Release|Any CPU
		{0B403138-AD0B-4466-9F91-EE7B56671033}.Release|x86.ActiveCfg = Release|Any CPU
		{0B403138-AD0B-4466-9F91-EE7B56671033}.Release|x86.Build.0 = Release|Any CPU
	EndGlobalSection
	GlobalSection(SolutionProperties) = preSolution
		HideSolutionNode = FALSE
	EndGlobalSection
	GlobalSection(NestedProjects) = preSolution
		{972B339B-045E-9564-1EA0-3E903DF3E49A} = {827E0CD3-B72D-47B6-A68D-7590B98EB39B}
		{F5529392-65AD-4D7E-97DE-12BEA510182B} = {827E0CD3-B72D-47B6-A68D-7590B98EB39B}
		{ED87E4EA-324C-C0F1-7F45-A31B2E183F40} = {827E0CD3-B72D-47B6-A68D-7590B98EB39B}
		{7DA9E1CB-AD87-4BBB-A328-E3C68593F201} = {0AB3BF05-4346-4AA6-1389-037BE0695223}
		{C07B27E8-930F-4E1C-87A0-A89464173A2A} = {827E0CD3-B72D-47B6-A68D-7590B98EB39B}
		{B08EF37C-8E73-4BAA-9AAB-BA1929250AFB} = {0AB3BF05-4346-4AA6-1389-037BE0695223}
		{77ED70B6-617E-489D-9472-54CE521D36AC} = {0AB3BF05-4346-4AA6-1389-037BE0695223}
		{689A3D56-4175-43D6-8CE5-18B8B71BC049} = {972B339B-045E-9564-1EA0-3E903DF3E49A}
		{FD1CF7C5-F0CB-472C-9BD0-D8C7BF4AD2A0} = {ED87E4EA-324C-C0F1-7F45-A31B2E183F40}
		{9CBD127E-8334-4EB5-9BF2-74DCE7240ADE} = {9648E154-3913-4766-A0E3-564F9AB658B4}
		{41110604-77DA-4364-8128-91016F16CF5B} = {9648E154-3913-4766-A0E3-564F9AB658B4}
		{A49C4AC6-DC16-4DF7-A4F8-88F4F791B4AE} = {3B5032E0-67C7-4EC4-847C-06912AD94914}
		{9648E154-3913-4766-A0E3-564F9AB658B4} = {D38C00DC-1DDE-4671-8157-EF0B273BD2C3}
		{D70FA745-1BAE-4FAB-8062-A09203A67C90} = {A49C4AC6-DC16-4DF7-A4F8-88F4F791B4AE}
		{7E371BEE-47CF-44F0-B80F-D803F0D3F309} = {9648E154-3913-4766-A0E3-564F9AB658B4}
		{241F6359-9CBC-4230-A8AC-621EE2188156} = {3B5032E0-67C7-4EC4-847C-06912AD94914}
		{4C0DE1EE-6F00-4BFA-A7A2-BB672D0F291A} = {241F6359-9CBC-4230-A8AC-621EE2188156}
		{830F8B07-EB6E-4661-83B4-1F5E5676D5E8} = {A18E53C9-514A-4C0D-AECE-A8C2F786D024}
		{0C1D36E7-DDA0-4FC2-BD6D-E4B391148071} = {A18E53C9-514A-4C0D-AECE-A8C2F786D024}
		{0B403138-AD0B-4466-9F91-EE7B56671033} = {9648E154-3913-4766-A0E3-564F9AB658B4}
	EndGlobalSection
EndGlobal
